
Microsoft Visual Studio Solution File, Format Version 12.00
# Visual Studio 15
VisualStudioVersion = 15.0.27130.2027
MinimumVisualStudioVersion = 10.0.40219.1
Project("{FAE04EC0-301F-11D3-BF4B-00C04F79EFBC}") = "Razorpages", "Razorpages\Razorpages.csproj", "{B3E4B23B-2B08-42F8-98BB-23A0442F5616}"
EndProject
Global
	GlobalSection(SolutionConfigurationPlatforms) = preSolution
		Debug|Any CPU = Debug|Any CPU
		Release|Any CPU = Release|Any CPU
	EndGlobalSection
	GlobalSection(ProjectConfigurationPlatforms) = postSolution
		{B3E4B23B-2B08-42F8-98BB-23A0442F5616}.Debug|Any CPU.ActiveCfg = Debug|Any CPU
		{B3E4B23B-2B08-42F8-98BB-23A0442F5616}.Debug|Any CPU.Build.0 = Debug|Any CPU
		{B3E4B23B-2B08-42F8-98BB-23A0442F5616}.Release|Any CPU.ActiveCfg = Release|Any CPU
		{B3E4B23B-2B08-42F8-98BB-23A0442F5616}.Release|Any CPU.Build.0 = Release|Any CPU
	EndGlobalSection
	GlobalSection(SolutionProperties) = preSolution
		HideSolutionNode = FALSE
	EndGlobalSection
	GlobalSection(ExtensibilityGlobals) = postSolution
		SolutionGuid = {D4BF286B-D97B-487D-9BF8-1B804EEF7AB2}
	EndGlobalSection
EndGlobal
